// !$*UTF8*$!
{
	archiveVersion = 1;
	classes = {
	};
	objectVersion = 51;
	objects = {

/* Begin PBXBuildFile section */
		3913D0207571205735E73F98 /* Pods_TinkoffMessengerDebug.framework in Frameworks */ = {isa = PBXBuildFile; fileRef = 2EE52FEC5ADB537EA5EDA682 /* Pods_TinkoffMessengerDebug.framework */; };
		A49953A537727BB56C943A0F /* Pods_TinkoffMessengerTests.framework in Frameworks */ = {isa = PBXBuildFile; fileRef = 1E55557BFE388D75500A86C2 /* Pods_TinkoffMessengerTests.framework */; };
		C51F7B31240B407F00A4D8A5 /* UIView+bindEdgesToSuperview.swift in Sources */ = {isa = PBXBuildFile; fileRef = C51F7B2F240B407F00A4D8A5 /* UIView+bindEdgesToSuperview.swift */; };
		C51F7B3E240B5A8A00A4D8A5 /* MessageCell.xib in Resources */ = {isa = PBXBuildFile; fileRef = C51F7B3A240B5A8A00A4D8A5 /* MessageCell.xib */; };
		C51F7B4B240B5C0000A4D8A5 /* ConfigurableViewProtocol.swift in Sources */ = {isa = PBXBuildFile; fileRef = C51F7B49240B5C0000A4D8A5 /* ConfigurableViewProtocol.swift */; };
		C543E5DF2401EC90000652B4 /* ImagePickerManager.swift in Sources */ = {isa = PBXBuildFile; fileRef = C543E5DD2401EC8F000652B4 /* ImagePickerManager.swift */; };
		C560A194243A3FD4009499C2 /* GoogleService-Info.plist in Resources */ = {isa = PBXBuildFile; fileRef = C560A193243A3FD4009499C2 /* GoogleService-Info.plist */; };
		C56C33C1244C461C0055BB9F /* LoadUrlListManager.swift in Sources */ = {isa = PBXBuildFile; fileRef = C56C33C0244C461C0055BB9F /* LoadUrlListManager.swift */; };
		C56C33C3244C47540055BB9F /* LoadUrlListProtocol.swift in Sources */ = {isa = PBXBuildFile; fileRef = C56C33C2244C47540055BB9F /* LoadUrlListProtocol.swift */; };
		C58196A32434BE9200EEA1F1 /* CoreDataManager.swift in Sources */ = {isa = PBXBuildFile; fileRef = C55FA4CC2432813B00A23900 /* CoreDataManager.swift */; };
		C58196A92435178900EEA1F1 /* CoreDataManagerProtocol.swift in Sources */ = {isa = PBXBuildFile; fileRef = C58196A62435167C00EEA1F1 /* CoreDataManagerProtocol.swift */; };
		C58206FA244B3BEC00D0733C /* LoadPhotos.storyboard in Resources */ = {isa = PBXBuildFile; fileRef = C58206F9244B3BEC00D0733C /* LoadPhotos.storyboard */; };
		C585FF122423B1D7006C51A4 /* Pods_TinkoffMessenger.framework in Frameworks */ = {isa = PBXBuildFile; fileRef = 84CD42ED9689180935E6D19F /* Pods_TinkoffMessenger.framework */; };
		C585FF132423B1D7006C51A4 /* Pods_TinkoffMessenger.framework in Embed Frameworks */ = {isa = PBXBuildFile; fileRef = 84CD42ED9689180935E6D19F /* Pods_TinkoffMessenger.framework */; settings = {ATTRIBUTES = (CodeSignOnCopy, RemoveHeadersOnCopy, ); }; };
		C58D768523F9C004000E739E /* Assets.xcassets in Resources */ = {isa = PBXBuildFile; fileRef = C58D768423F9C004000E739E /* Assets.xcassets */; };
		C58D769323F9C004000E739E /* TinkoffMessengerTests.swift in Sources */ = {isa = PBXBuildFile; fileRef = C58D769223F9C004000E739E /* TinkoffMessengerTests.swift */; };
		C58D76A023F9C178000E739E /* AppDelegate.swift in Sources */ = {isa = PBXBuildFile; fileRef = C58D767823F9C002000E739E /* AppDelegate.swift */; };
		C58D76A623F9C178000E739E /* Assets.xcassets in Resources */ = {isa = PBXBuildFile; fileRef = C58D768423F9C004000E739E /* Assets.xcassets */; };
		C58E2D372443B66000A8D4CF /* Profile.storyboard in Resources */ = {isa = PBXBuildFile; fileRef = C5C61F8B240AD01500ABBE7D /* Profile.storyboard */; };
		C58E2D382443B66200A8D4CF /* ProfileViewController.swift in Sources */ = {isa = PBXBuildFile; fileRef = C5C61F8C240AD01500ABBE7D /* ProfileViewController.swift */; };
		C58E2D392443B66400A8D4CF /* ProfileModel.swift in Sources */ = {isa = PBXBuildFile; fileRef = C58E2CA92443B30000A8D4CF /* ProfileModel.swift */; };
		C58E2D3A2443B66700A8D4CF /* ConversationsListViewController.swift in Sources */ = {isa = PBXBuildFile; fileRef = C5C61F76240AD00500ABBE7D /* ConversationsListViewController.swift */; };
		C58E2D3B2443B66900A8D4CF /* ConverationsList.storyboard in Resources */ = {isa = PBXBuildFile; fileRef = C5C61F7A240AD00500ABBE7D /* ConverationsList.storyboard */; };
		C58E2D3C2443B66C00A8D4CF /* ConversationsListModel.swift in Sources */ = {isa = PBXBuildFile; fileRef = C58E2CAB2443B31100A8D4CF /* ConversationsListModel.swift */; };
		C58E2D3D2443B67000A8D4CF /* Message.swift in Sources */ = {isa = PBXBuildFile; fileRef = C55B88D72424307B00A22314 /* Message.swift */; };
		C58E2D3E2443B67200A8D4CF /* Channel.swift in Sources */ = {isa = PBXBuildFile; fileRef = C55B88D92424309300A22314 /* Channel.swift */; };
		C58E2D3F2443B67600A8D4CF /* FirebaseProtocol.swift in Sources */ = {isa = PBXBuildFile; fileRef = C5D41CD924280AAD0062D681 /* FirebaseProtocol.swift */; };
		C58E2D402443B67800A8D4CF /* FirebaseService.swift in Sources */ = {isa = PBXBuildFile; fileRef = C5D41CDB24280B3E0062D681 /* FirebaseService.swift */; };
		C58E2D412443B67C00A8D4CF /* User+CoreDataClass.swift in Sources */ = {isa = PBXBuildFile; fileRef = C58E2C9A2443AADB00A8D4CF /* User+CoreDataClass.swift */; };
		C58E2D422443B67F00A8D4CF /* User+CoreDataProperties.swift in Sources */ = {isa = PBXBuildFile; fileRef = C58E2C9B2443AADB00A8D4CF /* User+CoreDataProperties.swift */; };
		C58E2D432443B68100A8D4CF /* CoreDataManagerProtocol.swift in Sources */ = {isa = PBXBuildFile; fileRef = C58196A62435167C00EEA1F1 /* CoreDataManagerProtocol.swift */; };
		C58E2D442443B68300A8D4CF /* CoreDataManager.swift in Sources */ = {isa = PBXBuildFile; fileRef = C55FA4CC2432813B00A23900 /* CoreDataManager.swift */; };
		C58E2D472443B68900A8D4CF /* ConfigurableViewProtocol.swift in Sources */ = {isa = PBXBuildFile; fileRef = C51F7B49240B5C0000A4D8A5 /* ConfigurableViewProtocol.swift */; };
		C58E2D482443B68D00A8D4CF /* ImagePickerManager.swift in Sources */ = {isa = PBXBuildFile; fileRef = C543E5DD2401EC8F000652B4 /* ImagePickerManager.swift */; };
		C58E2D492443B68F00A8D4CF /* UIfont+with.swift in Sources */ = {isa = PBXBuildFile; fileRef = C5C61F9D240B1FC900ABBE7D /* UIfont+with.swift */; };
		C58E2D4A2443B69100A8D4CF /* Date+isToday.swift in Sources */ = {isa = PBXBuildFile; fileRef = C5C61FA0240B22D800ABBE7D /* Date+isToday.swift */; };
		C58E2D4B2443B69300A8D4CF /* UIView+bindEdgesToSuperview.swift in Sources */ = {isa = PBXBuildFile; fileRef = C51F7B2F240B407F00A4D8A5 /* UIView+bindEdgesToSuperview.swift */; };
		C58E2D4C2443B69500A8D4CF /* RandomHelper.swift in Sources */ = {isa = PBXBuildFile; fileRef = C5D6E2B7240B63D400543026 /* RandomHelper.swift */; };
		C58E2D4D2443B69700A8D4CF /* UITableView+scroll.swift in Sources */ = {isa = PBXBuildFile; fileRef = C5D6E2BB240C294900543026 /* UITableView+scroll.swift */; };
		C58E2D4E2443B69A00A8D4CF /* UIImage+isEqual.swift in Sources */ = {isa = PBXBuildFile; fileRef = C5A344F4241E4DBD00922BFB /* UIImage+isEqual.swift */; };
		C58E2D4F2443B69C00A8D4CF /* AppDelegate.swift in Sources */ = {isa = PBXBuildFile; fileRef = C58D767823F9C002000E739E /* AppDelegate.swift */; };
		C58E2D522443B7CD00A8D4CF /* TinkoffMessenger.xcdatamodeld in Sources */ = {isa = PBXBuildFile; fileRef = C551D85C243A6C0100C55D3E /* TinkoffMessenger.xcdatamodeld */; };
		C59562BE244926FF003F3973 /* CreateChannelViewController.swift in Sources */ = {isa = PBXBuildFile; fileRef = C5D41CD024243C170062D681 /* CreateChannelViewController.swift */; };
		C59562BF24492702003F3973 /* CreateChannelModel.swift in Sources */ = {isa = PBXBuildFile; fileRef = C58E2CAE2443B33D00A8D4CF /* CreateChannelModel.swift */; };
		C59562C024492707003F3973 /* CreateChannel.storyboard in Resources */ = {isa = PBXBuildFile; fileRef = C59562BC24490765003F3973 /* CreateChannel.storyboard */; };
		C59562C12449270A003F3973 /* MessageCell.swift in Sources */ = {isa = PBXBuildFile; fileRef = C51F7B39240B5A8A00A4D8A5 /* MessageCell.swift */; };
		C59562C22449270C003F3973 /* MessageCell.xib in Resources */ = {isa = PBXBuildFile; fileRef = C51F7B3A240B5A8A00A4D8A5 /* MessageCell.xib */; };
		C59562C32449270F003F3973 /* MessageCellModel.swift in Sources */ = {isa = PBXBuildFile; fileRef = C58E2CA32443B2DA00A8D4CF /* MessageCellModel.swift */; };
		C59562C424492711003F3973 /* ConversationCell.swift in Sources */ = {isa = PBXBuildFile; fileRef = C5C61F94240B0CB800ABBE7D /* ConversationCell.swift */; };
		C59562C524492714003F3973 /* ConversationCell.xib in Resources */ = {isa = PBXBuildFile; fileRef = C5C61F95240B0CB800ABBE7D /* ConversationCell.xib */; };
		C59562C624492716003F3973 /* ConversationCellModel.swift in Sources */ = {isa = PBXBuildFile; fileRef = C58E2CA52443B2E900A8D4CF /* ConversationCellModel.swift */; };
		C59562C724492719003F3973 /* Conversation.storyboard in Resources */ = {isa = PBXBuildFile; fileRef = C5C61F84240AD00C00ABBE7D /* Conversation.storyboard */; };
		C59562C82449271D003F3973 /* ConversationViewController.swift in Sources */ = {isa = PBXBuildFile; fileRef = C5C61F85240AD00C00ABBE7D /* ConversationViewController.swift */; };
		C59562C92449271F003F3973 /* ConversationModel.swift in Sources */ = {isa = PBXBuildFile; fileRef = C58E2CA72443B2F500A8D4CF /* ConversationModel.swift */; };
		C5ACA479244B04C900C143FE /* LoadPhotosViewController.swift in Sources */ = {isa = PBXBuildFile; fileRef = C5ACA478244B04C900C143FE /* LoadPhotosViewController.swift */; };
		C5ACA47B244B062300C143FE /* UIImageView+Load.swift in Sources */ = {isa = PBXBuildFile; fileRef = C5ACA47A244B062300C143FE /* UIImageView+Load.swift */; };
		C5ACA47D244B16EB00C143FE /* LoadPhotosCell.swift in Sources */ = {isa = PBXBuildFile; fileRef = C5ACA47C244B16EB00C143FE /* LoadPhotosCell.swift */; };
		C5C61F7C240AD00500ABBE7D /* ConversationsListViewController.swift in Sources */ = {isa = PBXBuildFile; fileRef = C5C61F76240AD00500ABBE7D /* ConversationsListViewController.swift */; };
		C5C61F82240AD00500ABBE7D /* ConverationsList.storyboard in Resources */ = {isa = PBXBuildFile; fileRef = C5C61F7A240AD00500ABBE7D /* ConverationsList.storyboard */; };
		C5C61F87240AD00C00ABBE7D /* Conversation.storyboard in Resources */ = {isa = PBXBuildFile; fileRef = C5C61F84240AD00C00ABBE7D /* Conversation.storyboard */; };
		C5C61F89240AD00C00ABBE7D /* ConversationViewController.swift in Sources */ = {isa = PBXBuildFile; fileRef = C5C61F85240AD00C00ABBE7D /* ConversationViewController.swift */; };
		C5C61F8E240AD01500ABBE7D /* Profile.storyboard in Resources */ = {isa = PBXBuildFile; fileRef = C5C61F8B240AD01500ABBE7D /* Profile.storyboard */; };
		C5C61F90240AD01500ABBE7D /* ProfileViewController.swift in Sources */ = {isa = PBXBuildFile; fileRef = C5C61F8C240AD01500ABBE7D /* ProfileViewController.swift */; };
		C5C61F97240B0CB800ABBE7D /* ConversationCell.swift in Sources */ = {isa = PBXBuildFile; fileRef = C5C61F94240B0CB800ABBE7D /* ConversationCell.swift */; };
		C5C61F99240B0CB800ABBE7D /* ConversationCell.xib in Resources */ = {isa = PBXBuildFile; fileRef = C5C61F95240B0CB800ABBE7D /* ConversationCell.xib */; };
		C5C61F9F240B1FC900ABBE7D /* UIfont+with.swift in Sources */ = {isa = PBXBuildFile; fileRef = C5C61F9D240B1FC900ABBE7D /* UIfont+with.swift */; };
		C5C61FA2240B22D800ABBE7D /* Date+isToday.swift in Sources */ = {isa = PBXBuildFile; fileRef = C5C61FA0240B22D800ABBE7D /* Date+isToday.swift */; };
		C5D6E2B9240B63D400543026 /* RandomHelper.swift in Sources */ = {isa = PBXBuildFile; fileRef = C5D6E2B7240B63D400543026 /* RandomHelper.swift */; };
		C5D6E2BD240C294A00543026 /* UITableView+scroll.swift in Sources */ = {isa = PBXBuildFile; fileRef = C5D6E2BB240C294900543026 /* UITableView+scroll.swift */; };
		C5DAF7CA244B76EB00BFC7A4 /* UrlListResponse.swift in Sources */ = {isa = PBXBuildFile; fileRef = C5DAF7C9244B76EB00BFC7A4 /* UrlListResponse.swift */; };
/* End PBXBuildFile section */

/* Begin PBXContainerItemProxy section */
		C58D768F23F9C004000E739E /* PBXContainerItemProxy */ = {
			isa = PBXContainerItemProxy;
			containerPortal = C58D766D23F9C002000E739E /* Project object */;
			proxyType = 1;
			remoteGlobalIDString = C58D767423F9C002000E739E;
			remoteInfo = TinkoffMessenger;
		};
/* End PBXContainerItemProxy section */

/* Begin PBXCopyFilesBuildPhase section */
		C585FF142423B1D8006C51A4 /* Embed Frameworks */ = {
			isa = PBXCopyFilesBuildPhase;
			buildActionMask = 2147483647;
			dstPath = "";
			dstSubfolderSpec = 10;
			files = (
				C585FF132423B1D7006C51A4 /* Pods_TinkoffMessenger.framework in Embed Frameworks */,
			);
			name = "Embed Frameworks";
			runOnlyForDeploymentPostprocessing = 0;
		};
/* End PBXCopyFilesBuildPhase section */

/* Begin PBXFileReference section */
		192DE6B50B18F5B0886C0509 /* Pods-TinkoffMessengerTests.release.xcconfig */ = {isa = PBXFileReference; includeInIndex = 1; lastKnownFileType = text.xcconfig; name = "Pods-TinkoffMessengerTests.release.xcconfig"; path = "Target Support Files/Pods-TinkoffMessengerTests/Pods-TinkoffMessengerTests.release.xcconfig"; sourceTree = "<group>"; };
		1C754B9669D75ABE17804488 /* Pods-TinkoffMessengerTests.debug.xcconfig */ = {isa = PBXFileReference; includeInIndex = 1; lastKnownFileType = text.xcconfig; name = "Pods-TinkoffMessengerTests.debug.xcconfig"; path = "Target Support Files/Pods-TinkoffMessengerTests/Pods-TinkoffMessengerTests.debug.xcconfig"; sourceTree = "<group>"; };
		1E55557BFE388D75500A86C2 /* Pods_TinkoffMessengerTests.framework */ = {isa = PBXFileReference; explicitFileType = wrapper.framework; includeInIndex = 0; path = Pods_TinkoffMessengerTests.framework; sourceTree = BUILT_PRODUCTS_DIR; };
		2EE52FEC5ADB537EA5EDA682 /* Pods_TinkoffMessengerDebug.framework */ = {isa = PBXFileReference; explicitFileType = wrapper.framework; includeInIndex = 0; path = Pods_TinkoffMessengerDebug.framework; sourceTree = BUILT_PRODUCTS_DIR; };
		4ADC0A93E82DE141ED5FC891 /* Pods-TinkoffMessenger.release.xcconfig */ = {isa = PBXFileReference; includeInIndex = 1; lastKnownFileType = text.xcconfig; name = "Pods-TinkoffMessenger.release.xcconfig"; path = "Target Support Files/Pods-TinkoffMessenger/Pods-TinkoffMessenger.release.xcconfig"; sourceTree = "<group>"; };
		84CD42ED9689180935E6D19F /* Pods_TinkoffMessenger.framework */ = {isa = PBXFileReference; explicitFileType = wrapper.framework; includeInIndex = 0; path = Pods_TinkoffMessenger.framework; sourceTree = BUILT_PRODUCTS_DIR; };
		93434CB752AD23463D0DF6D0 /* Pods-TinkoffMessengerDebug.release.xcconfig */ = {isa = PBXFileReference; includeInIndex = 1; lastKnownFileType = text.xcconfig; name = "Pods-TinkoffMessengerDebug.release.xcconfig"; path = "Target Support Files/Pods-TinkoffMessengerDebug/Pods-TinkoffMessengerDebug.release.xcconfig"; sourceTree = "<group>"; };
		BC4AB969D4E0C7BA3EAC9D7D /* Pods-TinkoffMessengerDebug.debug.xcconfig */ = {isa = PBXFileReference; includeInIndex = 1; lastKnownFileType = text.xcconfig; name = "Pods-TinkoffMessengerDebug.debug.xcconfig"; path = "Target Support Files/Pods-TinkoffMessengerDebug/Pods-TinkoffMessengerDebug.debug.xcconfig"; sourceTree = "<group>"; };
		C51F7B2F240B407F00A4D8A5 /* UIView+bindEdgesToSuperview.swift */ = {isa = PBXFileReference; lastKnownFileType = sourcecode.swift; path = "UIView+bindEdgesToSuperview.swift"; sourceTree = "<group>"; };
		C51F7B39240B5A8A00A4D8A5 /* MessageCell.swift */ = {isa = PBXFileReference; fileEncoding = 4; lastKnownFileType = sourcecode.swift; path = MessageCell.swift; sourceTree = "<group>"; };
		C51F7B3A240B5A8A00A4D8A5 /* MessageCell.xib */ = {isa = PBXFileReference; fileEncoding = 4; lastKnownFileType = file.xib; path = MessageCell.xib; sourceTree = "<group>"; };
		C51F7B49240B5C0000A4D8A5 /* ConfigurableViewProtocol.swift */ = {isa = PBXFileReference; lastKnownFileType = sourcecode.swift; path = ConfigurableViewProtocol.swift; sourceTree = "<group>"; };
		C543E5DD2401EC8F000652B4 /* ImagePickerManager.swift */ = {isa = PBXFileReference; lastKnownFileType = sourcecode.swift; path = ImagePickerManager.swift; sourceTree = "<group>"; };
		C551D85D243A6C0100C55D3E /* TinkoffMessenger.xcdatamodel */ = {isa = PBXFileReference; lastKnownFileType = wrapper.xcdatamodel; path = TinkoffMessenger.xcdatamodel; sourceTree = "<group>"; };
		C55B88D72424307B00A22314 /* Message.swift */ = {isa = PBXFileReference; lastKnownFileType = sourcecode.swift; path = Message.swift; sourceTree = "<group>"; };
		C55B88D92424309300A22314 /* Channel.swift */ = {isa = PBXFileReference; lastKnownFileType = sourcecode.swift; path = Channel.swift; sourceTree = "<group>"; };
		C55FA4CC2432813B00A23900 /* CoreDataManager.swift */ = {isa = PBXFileReference; lastKnownFileType = sourcecode.swift; path = CoreDataManager.swift; sourceTree = "<group>"; };
		C560A193243A3FD4009499C2 /* GoogleService-Info.plist */ = {isa = PBXFileReference; fileEncoding = 4; lastKnownFileType = text.plist.xml; path = "GoogleService-Info.plist"; sourceTree = "<group>"; };
		C56C33C0244C461C0055BB9F /* LoadUrlListManager.swift */ = {isa = PBXFileReference; lastKnownFileType = sourcecode.swift; path = LoadUrlListManager.swift; sourceTree = "<group>"; };
		C56C33C2244C47540055BB9F /* LoadUrlListProtocol.swift */ = {isa = PBXFileReference; lastKnownFileType = sourcecode.swift; path = LoadUrlListProtocol.swift; sourceTree = "<group>"; };
		C58196A62435167C00EEA1F1 /* CoreDataManagerProtocol.swift */ = {isa = PBXFileReference; lastKnownFileType = sourcecode.swift; path = CoreDataManagerProtocol.swift; sourceTree = "<group>"; };
		C58206F9244B3BEC00D0733C /* LoadPhotos.storyboard */ = {isa = PBXFileReference; lastKnownFileType = file.storyboard; path = LoadPhotos.storyboard; sourceTree = "<group>"; };
		C586922F24158F69000700C1 /* MemoryManagement.playground */ = {isa = PBXFileReference; lastKnownFileType = file.playground; path = MemoryManagement.playground; sourceTree = "<group>"; xcLanguageSpecificationIdentifier = xcode.lang.swift; };
		C58D767523F9C002000E739E /* TinkoffMessenger.app */ = {isa = PBXFileReference; explicitFileType = wrapper.application; includeInIndex = 0; path = TinkoffMessenger.app; sourceTree = BUILT_PRODUCTS_DIR; };
		C58D767823F9C002000E739E /* AppDelegate.swift */ = {isa = PBXFileReference; lastKnownFileType = sourcecode.swift; path = AppDelegate.swift; sourceTree = "<group>"; };
		C58D768423F9C004000E739E /* Assets.xcassets */ = {isa = PBXFileReference; lastKnownFileType = folder.assetcatalog; path = Assets.xcassets; sourceTree = "<group>"; };
		C58D768923F9C004000E739E /* Info.plist */ = {isa = PBXFileReference; lastKnownFileType = text.plist.xml; path = Info.plist; sourceTree = "<group>"; };
		C58D768E23F9C004000E739E /* TinkoffMessengerTests.xctest */ = {isa = PBXFileReference; explicitFileType = wrapper.cfbundle; includeInIndex = 0; path = TinkoffMessengerTests.xctest; sourceTree = BUILT_PRODUCTS_DIR; };
		C58D769223F9C004000E739E /* TinkoffMessengerTests.swift */ = {isa = PBXFileReference; lastKnownFileType = sourcecode.swift; path = TinkoffMessengerTests.swift; sourceTree = "<group>"; };
		C58D769423F9C004000E739E /* Info.plist */ = {isa = PBXFileReference; lastKnownFileType = text.plist.xml; path = Info.plist; sourceTree = "<group>"; };
		C58D76AB23F9C178000E739E /* TinkoffMessengerDebug.app */ = {isa = PBXFileReference; explicitFileType = wrapper.application; includeInIndex = 0; path = TinkoffMessengerDebug.app; sourceTree = BUILT_PRODUCTS_DIR; };
		C58D76AC23F9C178000E739E /* TinkoffMessengerDebug.plist */ = {isa = PBXFileReference; lastKnownFileType = text.plist.xml; name = TinkoffMessengerDebug.plist; path = /Users/asap/TinkoffMessenger/TinkoffMessengerDebug.plist; sourceTree = "<absolute>"; };
		C58E2C9A2443AADB00A8D4CF /* User+CoreDataClass.swift */ = {isa = PBXFileReference; fileEncoding = 4; lastKnownFileType = sourcecode.swift; path = "User+CoreDataClass.swift"; sourceTree = "<group>"; };
		C58E2C9B2443AADB00A8D4CF /* User+CoreDataProperties.swift */ = {isa = PBXFileReference; fileEncoding = 4; lastKnownFileType = sourcecode.swift; path = "User+CoreDataProperties.swift"; sourceTree = "<group>"; };
		C58E2CA32443B2DA00A8D4CF /* MessageCellModel.swift */ = {isa = PBXFileReference; lastKnownFileType = sourcecode.swift; path = MessageCellModel.swift; sourceTree = "<group>"; };
		C58E2CA52443B2E900A8D4CF /* ConversationCellModel.swift */ = {isa = PBXFileReference; lastKnownFileType = sourcecode.swift; path = ConversationCellModel.swift; sourceTree = "<group>"; };
		C58E2CA72443B2F500A8D4CF /* ConversationModel.swift */ = {isa = PBXFileReference; lastKnownFileType = sourcecode.swift; path = ConversationModel.swift; sourceTree = "<group>"; };
		C58E2CA92443B30000A8D4CF /* ProfileModel.swift */ = {isa = PBXFileReference; lastKnownFileType = sourcecode.swift; path = ProfileModel.swift; sourceTree = "<group>"; };
		C58E2CAB2443B31100A8D4CF /* ConversationsListModel.swift */ = {isa = PBXFileReference; lastKnownFileType = sourcecode.swift; path = ConversationsListModel.swift; sourceTree = "<group>"; };
		C58E2CAE2443B33D00A8D4CF /* CreateChannelModel.swift */ = {isa = PBXFileReference; lastKnownFileType = sourcecode.swift; path = CreateChannelModel.swift; sourceTree = "<group>"; };
		C59562BC24490765003F3973 /* CreateChannel.storyboard */ = {isa = PBXFileReference; lastKnownFileType = file.storyboard; path = CreateChannel.storyboard; sourceTree = "<group>"; };
		C5A344F4241E4DBD00922BFB /* UIImage+isEqual.swift */ = {isa = PBXFileReference; lastKnownFileType = sourcecode.swift; path = "UIImage+isEqual.swift"; sourceTree = "<group>"; };
		C5ACA478244B04C900C143FE /* LoadPhotosViewController.swift */ = {isa = PBXFileReference; lastKnownFileType = sourcecode.swift; path = LoadPhotosViewController.swift; sourceTree = "<group>"; };
		C5ACA47A244B062300C143FE /* UIImageView+Load.swift */ = {isa = PBXFileReference; lastKnownFileType = sourcecode.swift; path = "UIImageView+Load.swift"; sourceTree = "<group>"; };
		C5ACA47C244B16EB00C143FE /* LoadPhotosCell.swift */ = {isa = PBXFileReference; lastKnownFileType = sourcecode.swift; path = LoadPhotosCell.swift; sourceTree = "<group>"; };
		C5C61F76240AD00500ABBE7D /* ConversationsListViewController.swift */ = {isa = PBXFileReference; fileEncoding = 4; lastKnownFileType = sourcecode.swift; path = ConversationsListViewController.swift; sourceTree = "<group>"; };
		C5C61F7A240AD00500ABBE7D /* ConverationsList.storyboard */ = {isa = PBXFileReference; fileEncoding = 4; lastKnownFileType = file.storyboard; path = ConverationsList.storyboard; sourceTree = "<group>"; };
		C5C61F84240AD00C00ABBE7D /* Conversation.storyboard */ = {isa = PBXFileReference; fileEncoding = 4; lastKnownFileType = file.storyboard; path = Conversation.storyboard; sourceTree = "<group>"; };
		C5C61F85240AD00C00ABBE7D /* ConversationViewController.swift */ = {isa = PBXFileReference; fileEncoding = 4; lastKnownFileType = sourcecode.swift; path = ConversationViewController.swift; sourceTree = "<group>"; };
		C5C61F8B240AD01500ABBE7D /* Profile.storyboard */ = {isa = PBXFileReference; fileEncoding = 4; lastKnownFileType = file.storyboard; path = Profile.storyboard; sourceTree = "<group>"; };
		C5C61F8C240AD01500ABBE7D /* ProfileViewController.swift */ = {isa = PBXFileReference; fileEncoding = 4; lastKnownFileType = sourcecode.swift; path = ProfileViewController.swift; sourceTree = "<group>"; };
		C5C61F94240B0CB800ABBE7D /* ConversationCell.swift */ = {isa = PBXFileReference; lastKnownFileType = sourcecode.swift; path = ConversationCell.swift; sourceTree = "<group>"; };
		C5C61F95240B0CB800ABBE7D /* ConversationCell.xib */ = {isa = PBXFileReference; lastKnownFileType = file.xib; path = ConversationCell.xib; sourceTree = "<group>"; };
		C5C61F9D240B1FC900ABBE7D /* UIfont+with.swift */ = {isa = PBXFileReference; lastKnownFileType = sourcecode.swift; path = "UIfont+with.swift"; sourceTree = "<group>"; };
		C5C61FA0240B22D800ABBE7D /* Date+isToday.swift */ = {isa = PBXFileReference; lastKnownFileType = sourcecode.swift; path = "Date+isToday.swift"; sourceTree = "<group>"; };
		C5D41CD024243C170062D681 /* CreateChannelViewController.swift */ = {isa = PBXFileReference; lastKnownFileType = sourcecode.swift; path = CreateChannelViewController.swift; sourceTree = "<group>"; };
		C5D41CD924280AAD0062D681 /* FirebaseProtocol.swift */ = {isa = PBXFileReference; lastKnownFileType = sourcecode.swift; path = FirebaseProtocol.swift; sourceTree = "<group>"; };
		C5D41CDB24280B3E0062D681 /* FirebaseService.swift */ = {isa = PBXFileReference; lastKnownFileType = sourcecode.swift; path = FirebaseService.swift; sourceTree = "<group>"; };
		C5D6E2B7240B63D400543026 /* RandomHelper.swift */ = {isa = PBXFileReference; lastKnownFileType = sourcecode.swift; path = RandomHelper.swift; sourceTree = "<group>"; };
		C5D6E2BB240C294900543026 /* UITableView+scroll.swift */ = {isa = PBXFileReference; lastKnownFileType = sourcecode.swift; path = "UITableView+scroll.swift"; sourceTree = "<group>"; };
		C5DAF7C9244B76EB00BFC7A4 /* UrlListResponse.swift */ = {isa = PBXFileReference; lastKnownFileType = sourcecode.swift; path = UrlListResponse.swift; sourceTree = "<group>"; };
		ECB8DE563DC6C31F4C830E1D /* Pods-TinkoffMessenger.debug.xcconfig */ = {isa = PBXFileReference; includeInIndex = 1; lastKnownFileType = text.xcconfig; name = "Pods-TinkoffMessenger.debug.xcconfig"; path = "Target Support Files/Pods-TinkoffMessenger/Pods-TinkoffMessenger.debug.xcconfig"; sourceTree = "<group>"; };
/* End PBXFileReference section */

/* Begin PBXFrameworksBuildPhase section */
		C58D767223F9C002000E739E /* Frameworks */ = {
			isa = PBXFrameworksBuildPhase;
			buildActionMask = 2147483647;
			files = (
				C585FF122423B1D7006C51A4 /* Pods_TinkoffMessenger.framework in Frameworks */,
			);
			runOnlyForDeploymentPostprocessing = 0;
		};
		C58D768B23F9C004000E739E /* Frameworks */ = {
			isa = PBXFrameworksBuildPhase;
			buildActionMask = 2147483647;
			files = (
				A49953A537727BB56C943A0F /* Pods_TinkoffMessengerTests.framework in Frameworks */,
			);
			runOnlyForDeploymentPostprocessing = 0;
		};
		C58D76A323F9C178000E739E /* Frameworks */ = {
			isa = PBXFrameworksBuildPhase;
			buildActionMask = 2147483647;
			files = (
				3913D0207571205735E73F98 /* Pods_TinkoffMessengerDebug.framework in Frameworks */,
			);
			runOnlyForDeploymentPostprocessing = 0;
		};
/* End PBXFrameworksBuildPhase section */

/* Begin PBXGroup section */
		25C790044DD01531DA6A83C2 /* Frameworks */ = {
			isa = PBXGroup;
			children = (
				84CD42ED9689180935E6D19F /* Pods_TinkoffMessenger.framework */,
				2EE52FEC5ADB537EA5EDA682 /* Pods_TinkoffMessengerDebug.framework */,
				1E55557BFE388D75500A86C2 /* Pods_TinkoffMessengerTests.framework */,
			);
			name = Frameworks;
			sourceTree = "<group>";
		};
		6195F26DD8E4103A9A691B53 /* Pods */ = {
			isa = PBXGroup;
			children = (
				ECB8DE563DC6C31F4C830E1D /* Pods-TinkoffMessenger.debug.xcconfig */,
				4ADC0A93E82DE141ED5FC891 /* Pods-TinkoffMessenger.release.xcconfig */,
				BC4AB969D4E0C7BA3EAC9D7D /* Pods-TinkoffMessengerDebug.debug.xcconfig */,
				93434CB752AD23463D0DF6D0 /* Pods-TinkoffMessengerDebug.release.xcconfig */,
				1C754B9669D75ABE17804488 /* Pods-TinkoffMessengerTests.debug.xcconfig */,
				192DE6B50B18F5B0886C0509 /* Pods-TinkoffMessengerTests.release.xcconfig */,
			);
			path = Pods;
			sourceTree = "<group>";
		};
		C56C33BF244C45530055BB9F /* Network */ = {
			isa = PBXGroup;
			children = (
				C56C33C0244C461C0055BB9F /* LoadUrlListManager.swift */,
				C56C33C2244C47540055BB9F /* LoadUrlListProtocol.swift */,
			);
			path = Network;
			sourceTree = "<group>";
		};
		C58196A82435177500EEA1F1 /* CoreData */ = {
			isa = PBXGroup;
			children = (
				C58E2C9A2443AADB00A8D4CF /* User+CoreDataClass.swift */,
				C58E2C9B2443AADB00A8D4CF /* User+CoreDataProperties.swift */,
				C58196A62435167C00EEA1F1 /* CoreDataManagerProtocol.swift */,
				C55FA4CC2432813B00A23900 /* CoreDataManager.swift */,
			);
			path = CoreData;
			sourceTree = "<group>";
		};
		C58196AA2435179300EEA1F1 /* Firebase */ = {
			isa = PBXGroup;
			children = (
				C5D41CD924280AAD0062D681 /* FirebaseProtocol.swift */,
				C5D41CDB24280B3E0062D681 /* FirebaseService.swift */,
			);
			path = Firebase;
			sourceTree = "<group>";
		};
		C58196AB243517E000EEA1F1 /* Structs */ = {
			isa = PBXGroup;
			children = (
				C55B88D72424307B00A22314 /* Message.swift */,
				C55B88D92424309300A22314 /* Channel.swift */,
				C5DAF7C9244B76EB00BFC7A4 /* UrlListResponse.swift */,
			);
			path = Structs;
			sourceTree = "<group>";
		};
		C58D766C23F9C002000E739E = {
			isa = PBXGroup;
			children = (
				C586922F24158F69000700C1 /* MemoryManagement.playground */,
				C58D767723F9C002000E739E /* TinkoffMessenger */,
				C58D769123F9C004000E739E /* TinkoffMessengerTests */,
				C58D767623F9C002000E739E /* Products */,
				C58D76AC23F9C178000E739E /* TinkoffMessengerDebug.plist */,
				6195F26DD8E4103A9A691B53 /* Pods */,
				25C790044DD01531DA6A83C2 /* Frameworks */,
			);
			sourceTree = "<group>";
		};
		C58D767623F9C002000E739E /* Products */ = {
			isa = PBXGroup;
			children = (
				C58D767523F9C002000E739E /* TinkoffMessenger.app */,
				C58D768E23F9C004000E739E /* TinkoffMessengerTests.xctest */,
				C58D76AB23F9C178000E739E /* TinkoffMessengerDebug.app */,
			);
			name = Products;
			sourceTree = "<group>";
		};
		C58D767723F9C002000E739E /* TinkoffMessenger */ = {
			isa = PBXGroup;
			children = (
				C59562CA2449273B003F3973 /* 1. PresentationLayer */,
				C59562CB24492773003F3973 /* 2. ServiceLayer */,
				C59562CC24492795003F3973 /* 3. CoreLayer */,
				C58D767823F9C002000E739E /* AppDelegate.swift */,
				C58D768923F9C004000E739E /* Info.plist */,
				C560A193243A3FD4009499C2 /* GoogleService-Info.plist */,
				C59562BB244905BA003F3973 /* Supporting Files */,
			);
			path = TinkoffMessenger;
			sourceTree = "<group>";
		};
		C58D769123F9C004000E739E /* TinkoffMessengerTests */ = {
			isa = PBXGroup;
			children = (
				C58D769223F9C004000E739E /* TinkoffMessengerTests.swift */,
				C58D769423F9C004000E739E /* Info.plist */,
			);
			path = TinkoffMessengerTests;
			sourceTree = "<group>";
		};
		C58E2CAD2443B31E00A8D4CF /* CreateChannel */ = {
			isa = PBXGroup;
			children = (
				C5D41CD024243C170062D681 /* CreateChannelViewController.swift */,
				C58E2CAE2443B33D00A8D4CF /* CreateChannelModel.swift */,
				C59562BC24490765003F3973 /* CreateChannel.storyboard */,
			);
			path = CreateChannel;
			sourceTree = "<group>";
		};
		C59562BB244905BA003F3973 /* Supporting Files */ = {
			isa = PBXGroup;
			children = (
				C58D768423F9C004000E739E /* Assets.xcassets */,
				C551D85C243A6C0100C55D3E /* TinkoffMessenger.xcdatamodeld */,
			);
			path = "Supporting Files";
			sourceTree = "<group>";
		};
		C59562CA2449273B003F3973 /* 1. PresentationLayer */ = {
			isa = PBXGroup;
			children = (
				C5ACA475244AE2CC00C143FE /* LoadPhotos */,
				C58E2CAD2443B31E00A8D4CF /* CreateChannel */,
				C5D6E2BA240BFF9F00543026 /* MessageCell */,
				C5C61F77240AD00500ABBE7D /* ConversationCell */,
				C5C61F83240AD00C00ABBE7D /* Conversation */,
				C5C61F8A240AD01500ABBE7D /* Profile */,
				C5C61F75240AD00500ABBE7D /* ConversationsList */,
			);
			path = "1. PresentationLayer";
			sourceTree = "<group>";
		};
		C59562CB24492773003F3973 /* 2. ServiceLayer */ = {
			isa = PBXGroup;
			children = (
				C56C33BF244C45530055BB9F /* Network */,
				C58196AB243517E000EEA1F1 /* Structs */,
				C58196AA2435179300EEA1F1 /* Firebase */,
				C58196A82435177500EEA1F1 /* CoreData */,
				C51F7B49240B5C0000A4D8A5 /* ConfigurableViewProtocol.swift */,
			);
			path = "2. ServiceLayer";
			sourceTree = "<group>";
		};
		C59562CC24492795003F3973 /* 3. CoreLayer */ = {
			isa = PBXGroup;
			children = (
				C5C61F662409CC9400ABBE7D /* Utils */,
			);
			path = "3. CoreLayer";
			sourceTree = "<group>";
		};
		C5ACA475244AE2CC00C143FE /* LoadPhotos */ = {
			isa = PBXGroup;
			children = (
				C5ACA478244B04C900C143FE /* LoadPhotosViewController.swift */,
				C5ACA47C244B16EB00C143FE /* LoadPhotosCell.swift */,
				C58206F9244B3BEC00D0733C /* LoadPhotos.storyboard */,
			);
			path = LoadPhotos;
			sourceTree = "<group>";
		};
		C5C61F662409CC9400ABBE7D /* Utils */ = {
			isa = PBXGroup;
			children = (
				C543E5DD2401EC8F000652B4 /* ImagePickerManager.swift */,
				C5C61F9D240B1FC900ABBE7D /* UIfont+with.swift */,
				C5C61FA0240B22D800ABBE7D /* Date+isToday.swift */,
				C51F7B2F240B407F00A4D8A5 /* UIView+bindEdgesToSuperview.swift */,
				C5D6E2B7240B63D400543026 /* RandomHelper.swift */,
				C5D6E2BB240C294900543026 /* UITableView+scroll.swift */,
				C5A344F4241E4DBD00922BFB /* UIImage+isEqual.swift */,
				C5ACA47A244B062300C143FE /* UIImageView+Load.swift */,
			);
			path = Utils;
			sourceTree = "<group>";
		};
		C5C61F75240AD00500ABBE7D /* ConversationsList */ = {
			isa = PBXGroup;
			children = (
				C5C61F76240AD00500ABBE7D /* ConversationsListViewController.swift */,
				C5C61F7A240AD00500ABBE7D /* ConverationsList.storyboard */,
				C58E2CAB2443B31100A8D4CF /* ConversationsListModel.swift */,
			);
			path = ConversationsList;
			sourceTree = "<group>";
		};
		C5C61F77240AD00500ABBE7D /* ConversationCell */ = {
			isa = PBXGroup;
			children = (
				C5C61F94240B0CB800ABBE7D /* ConversationCell.swift */,
				C5C61F95240B0CB800ABBE7D /* ConversationCell.xib */,
				C58E2CA52443B2E900A8D4CF /* ConversationCellModel.swift */,
			);
			path = ConversationCell;
			sourceTree = "<group>";
		};
		C5C61F83240AD00C00ABBE7D /* Conversation */ = {
			isa = PBXGroup;
			children = (
				C5C61F84240AD00C00ABBE7D /* Conversation.storyboard */,
				C5C61F85240AD00C00ABBE7D /* ConversationViewController.swift */,
				C58E2CA72443B2F500A8D4CF /* ConversationModel.swift */,
			);
			name = Conversation;
			path = "TinkoffMessenger/1. PresentationLayer/Conversation";
			sourceTree = SOURCE_ROOT;
		};
		C5C61F8A240AD01500ABBE7D /* Profile */ = {
			isa = PBXGroup;
			children = (
				C5C61F8B240AD01500ABBE7D /* Profile.storyboard */,
				C5C61F8C240AD01500ABBE7D /* ProfileViewController.swift */,
				C58E2CA92443B30000A8D4CF /* ProfileModel.swift */,
			);
			name = Profile;
			path = "TinkoffMessenger/1. PresentationLayer/Profile";
			sourceTree = SOURCE_ROOT;
		};
		C5D6E2BA240BFF9F00543026 /* MessageCell */ = {
			isa = PBXGroup;
			children = (
				C51F7B39240B5A8A00A4D8A5 /* MessageCell.swift */,
				C51F7B3A240B5A8A00A4D8A5 /* MessageCell.xib */,
				C58E2CA32443B2DA00A8D4CF /* MessageCellModel.swift */,
			);
			path = MessageCell;
			sourceTree = "<group>";
		};
/* End PBXGroup section */

/* Begin PBXNativeTarget section */
		C58D767423F9C002000E739E /* TinkoffMessenger */ = {
			isa = PBXNativeTarget;
			buildConfigurationList = C58D769723F9C004000E739E /* Build configuration list for PBXNativeTarget "TinkoffMessenger" */;
			buildPhases = (
				C5D41CD22427BD3B0062D681 /* ShellScript */,
				407421585FF35E17E64ED401 /* [CP] Check Pods Manifest.lock */,
				C58D767123F9C002000E739E /* Sources */,
				C58D767223F9C002000E739E /* Frameworks */,
				C58D767323F9C002000E739E /* Resources */,
				3C0C9BF92916D1643EBFA4A3 /* [CP] Embed Pods Frameworks */,
				C585FF142423B1D8006C51A4 /* Embed Frameworks */,
			);
			buildRules = (
			);
			dependencies = (
			);
			name = TinkoffMessenger;
			productName = TinkoffMessenger;
			productReference = C58D767523F9C002000E739E /* TinkoffMessenger.app */;
			productType = "com.apple.product-type.application";
		};
		C58D768D23F9C004000E739E /* TinkoffMessengerTests */ = {
			isa = PBXNativeTarget;
			buildConfigurationList = C58D769A23F9C004000E739E /* Build configuration list for PBXNativeTarget "TinkoffMessengerTests" */;
			buildPhases = (
				0F013795B592947983B7D4A2 /* [CP] Check Pods Manifest.lock */,
				C58D768A23F9C004000E739E /* Sources */,
				C58D768B23F9C004000E739E /* Frameworks */,
				C58D768C23F9C004000E739E /* Resources */,
			);
			buildRules = (
			);
			dependencies = (
				C58D769023F9C004000E739E /* PBXTargetDependency */,
			);
			name = TinkoffMessengerTests;
			productName = TinkoffMessengerTests;
			productReference = C58D768E23F9C004000E739E /* TinkoffMessengerTests.xctest */;
			productType = "com.apple.product-type.bundle.unit-test";
		};
		C58D769D23F9C178000E739E /* TinkoffMessengerDebug */ = {
			isa = PBXNativeTarget;
			buildConfigurationList = C58D76A823F9C178000E739E /* Build configuration list for PBXNativeTarget "TinkoffMessengerDebug" */;
			buildPhases = (
				66C8EFBCDD3DBB80C932CA74 /* [CP] Check Pods Manifest.lock */,
				C58D769E23F9C178000E739E /* Sources */,
				C58D76A323F9C178000E739E /* Frameworks */,
				C58D76A423F9C178000E739E /* Resources */,
			);
			buildRules = (
			);
			dependencies = (
			);
			name = TinkoffMessengerDebug;
			productName = TinkoffMessenger;
			productReference = C58D76AB23F9C178000E739E /* TinkoffMessengerDebug.app */;
			productType = "com.apple.product-type.application";
		};
/* End PBXNativeTarget section */

/* Begin PBXProject section */
		C58D766D23F9C002000E739E /* Project object */ = {
			isa = PBXProject;
			attributes = {
				LastSwiftUpdateCheck = 1130;
				LastUpgradeCheck = 1130;
				ORGANIZATIONNAME = komarov;
				TargetAttributes = {
					C58D767423F9C002000E739E = {
						CreatedOnToolsVersion = 11.3.1;
					};
					C58D768D23F9C004000E739E = {
						CreatedOnToolsVersion = 11.3.1;
						TestTargetID = C58D767423F9C002000E739E;
					};
				};
			};
			buildConfigurationList = C58D767023F9C002000E739E /* Build configuration list for PBXProject "TinkoffMessenger" */;
			compatibilityVersion = "Xcode 9.3";
			developmentRegion = en;
			hasScannedForEncodings = 0;
			knownRegions = (
				en,
				Base,
			);
			mainGroup = C58D766C23F9C002000E739E;
			productRefGroup = C58D767623F9C002000E739E /* Products */;
			projectDirPath = "";
			projectRoot = "";
			targets = (
				C58D767423F9C002000E739E /* TinkoffMessenger */,
				C58D768D23F9C004000E739E /* TinkoffMessengerTests */,
				C58D769D23F9C178000E739E /* TinkoffMessengerDebug */,
			);
		};
/* End PBXProject section */

/* Begin PBXResourcesBuildPhase section */
		C58D767323F9C002000E739E /* Resources */ = {
			isa = PBXResourcesBuildPhase;
			buildActionMask = 2147483647;
			files = (
				C59562C524492714003F3973 /* ConversationCell.xib in Resources */,
				C59562C724492719003F3973 /* Conversation.storyboard in Resources */,
				C58206FA244B3BEC00D0733C /* LoadPhotos.storyboard in Resources */,
				C58E2D372443B66000A8D4CF /* Profile.storyboard in Resources */,
				C58D768523F9C004000E739E /* Assets.xcassets in Resources */,
				C59562C024492707003F3973 /* CreateChannel.storyboard in Resources */,
				C59562C22449270C003F3973 /* MessageCell.xib in Resources */,
				C560A194243A3FD4009499C2 /* GoogleService-Info.plist in Resources */,
				C58E2D3B2443B66900A8D4CF /* ConverationsList.storyboard in Resources */,
			);
			runOnlyForDeploymentPostprocessing = 0;
		};
		C58D768C23F9C004000E739E /* Resources */ = {
			isa = PBXResourcesBuildPhase;
			buildActionMask = 2147483647;
			files = (
			);
			runOnlyForDeploymentPostprocessing = 0;
		};
		C58D76A423F9C178000E739E /* Resources */ = {
			isa = PBXResourcesBuildPhase;
			buildActionMask = 2147483647;
			files = (
				C5C61F82240AD00500ABBE7D /* ConverationsList.storyboard in Resources */,
				C5C61F87240AD00C00ABBE7D /* Conversation.storyboard in Resources */,
				C5C61F8E240AD01500ABBE7D /* Profile.storyboard in Resources */,
				C51F7B3E240B5A8A00A4D8A5 /* MessageCell.xib in Resources */,
				C58D76A623F9C178000E739E /* Assets.xcassets in Resources */,
				C5C61F99240B0CB800ABBE7D /* ConversationCell.xib in Resources */,
			);
			runOnlyForDeploymentPostprocessing = 0;
		};
/* End PBXResourcesBuildPhase section */

/* Begin PBXShellScriptBuildPhase section */
		0F013795B592947983B7D4A2 /* [CP] Check Pods Manifest.lock */ = {
			isa = PBXShellScriptBuildPhase;
			buildActionMask = 2147483647;
			files = (
			);
			inputFileListPaths = (
			);
			inputPaths = (
				"${PODS_PODFILE_DIR_PATH}/Podfile.lock",
				"${PODS_ROOT}/Manifest.lock",
			);
			name = "[CP] Check Pods Manifest.lock";
			outputFileListPaths = (
			);
			outputPaths = (
				"$(DERIVED_FILE_DIR)/Pods-TinkoffMessengerTests-checkManifestLockResult.txt",
			);
			runOnlyForDeploymentPostprocessing = 0;
			shellPath = /bin/sh;
			shellScript = "diff \"${PODS_PODFILE_DIR_PATH}/Podfile.lock\" \"${PODS_ROOT}/Manifest.lock\" > /dev/null\nif [ $? != 0 ] ; then\n    # print error to STDERR\n    echo \"error: The sandbox is not in sync with the Podfile.lock. Run 'pod install' or update your CocoaPods installation.\" >&2\n    exit 1\nfi\n# This output is used by Xcode 'outputs' to avoid re-running this script phase.\necho \"SUCCESS\" > \"${SCRIPT_OUTPUT_FILE_0}\"\n";
			showEnvVarsInLog = 0;
		};
		3C0C9BF92916D1643EBFA4A3 /* [CP] Embed Pods Frameworks */ = {
			isa = PBXShellScriptBuildPhase;
			buildActionMask = 2147483647;
			files = (
			);
			inputFileListPaths = (
				"${PODS_ROOT}/Target Support Files/Pods-TinkoffMessenger/Pods-TinkoffMessenger-frameworks-${CONFIGURATION}-input-files.xcfilelist",
			);
			name = "[CP] Embed Pods Frameworks";
			outputFileListPaths = (
				"${PODS_ROOT}/Target Support Files/Pods-TinkoffMessenger/Pods-TinkoffMessenger-frameworks-${CONFIGURATION}-output-files.xcfilelist",
			);
			runOnlyForDeploymentPostprocessing = 0;
			shellPath = /bin/sh;
			shellScript = "\"${PODS_ROOT}/Target Support Files/Pods-TinkoffMessenger/Pods-TinkoffMessenger-frameworks.sh\"\n";
			showEnvVarsInLog = 0;
		};
		407421585FF35E17E64ED401 /* [CP] Check Pods Manifest.lock */ = {
			isa = PBXShellScriptBuildPhase;
			buildActionMask = 2147483647;
			files = (
			);
			inputFileListPaths = (
			);
			inputPaths = (
				"${PODS_PODFILE_DIR_PATH}/Podfile.lock",
				"${PODS_ROOT}/Manifest.lock",
			);
			name = "[CP] Check Pods Manifest.lock";
			outputFileListPaths = (
			);
			outputPaths = (
				"$(DERIVED_FILE_DIR)/Pods-TinkoffMessenger-checkManifestLockResult.txt",
			);
			runOnlyForDeploymentPostprocessing = 0;
			shellPath = /bin/sh;
			shellScript = "diff \"${PODS_PODFILE_DIR_PATH}/Podfile.lock\" \"${PODS_ROOT}/Manifest.lock\" > /dev/null\nif [ $? != 0 ] ; then\n    # print error to STDERR\n    echo \"error: The sandbox is not in sync with the Podfile.lock. Run 'pod install' or update your CocoaPods installation.\" >&2\n    exit 1\nfi\n# This output is used by Xcode 'outputs' to avoid re-running this script phase.\necho \"SUCCESS\" > \"${SCRIPT_OUTPUT_FILE_0}\"\n";
			showEnvVarsInLog = 0;
		};
		66C8EFBCDD3DBB80C932CA74 /* [CP] Check Pods Manifest.lock */ = {
			isa = PBXShellScriptBuildPhase;
			buildActionMask = 2147483647;
			files = (
			);
			inputFileListPaths = (
			);
			inputPaths = (
				"${PODS_PODFILE_DIR_PATH}/Podfile.lock",
				"${PODS_ROOT}/Manifest.lock",
			);
			name = "[CP] Check Pods Manifest.lock";
			outputFileListPaths = (
			);
			outputPaths = (
				"$(DERIVED_FILE_DIR)/Pods-TinkoffMessengerDebug-checkManifestLockResult.txt",
			);
			runOnlyForDeploymentPostprocessing = 0;
			shellPath = /bin/sh;
			shellScript = "diff \"${PODS_PODFILE_DIR_PATH}/Podfile.lock\" \"${PODS_ROOT}/Manifest.lock\" > /dev/null\nif [ $? != 0 ] ; then\n    # print error to STDERR\n    echo \"error: The sandbox is not in sync with the Podfile.lock. Run 'pod install' or update your CocoaPods installation.\" >&2\n    exit 1\nfi\n# This output is used by Xcode 'outputs' to avoid re-running this script phase.\necho \"SUCCESS\" > \"${SCRIPT_OUTPUT_FILE_0}\"\n";
			showEnvVarsInLog = 0;
		};
		C5D41CD22427BD3B0062D681 /* ShellScript */ = {
			isa = PBXShellScriptBuildPhase;
			buildActionMask = 2147483647;
			files = (
			);
			inputFileListPaths = (
			);
			inputPaths = (
			);
			outputFileListPaths = (
			);
			outputPaths = (
			);
			runOnlyForDeploymentPostprocessing = 0;
			shellPath = /bin/sh;
			shellScript = "if which swiftlint >/dev/null; then\n  swiftlint\nelse\n  echo \"warning: SwiftLint not installed, download from https://github.com/realm/SwiftLint\"\nfi\n";
		};
/* End PBXShellScriptBuildPhase section */

/* Begin PBXSourcesBuildPhase section */
		C58D767123F9C002000E739E /* Sources */ = {
			isa = PBXSourcesBuildPhase;
			buildActionMask = 2147483647;
			files = (
				C58E2D492443B68F00A8D4CF /* UIfont+with.swift in Sources */,
				C59562C624492716003F3973 /* ConversationCellModel.swift in Sources */,
				C59562C82449271D003F3973 /* ConversationViewController.swift in Sources */,
				C58E2D4E2443B69A00A8D4CF /* UIImage+isEqual.swift in Sources */,
				C58E2D402443B67800A8D4CF /* FirebaseService.swift in Sources */,
				C58E2D3C2443B66C00A8D4CF /* ConversationsListModel.swift in Sources */,
				C5ACA47D244B16EB00C143FE /* LoadPhotosCell.swift in Sources */,
				C58E2D3A2443B66700A8D4CF /* ConversationsListViewController.swift in Sources */,
				C59562BF24492702003F3973 /* CreateChannelModel.swift in Sources */,
				C58E2D4D2443B69700A8D4CF /* UITableView+scroll.swift in Sources */,
				C58E2D422443B67F00A8D4CF /* User+CoreDataProperties.swift in Sources */,
				C58E2D412443B67C00A8D4CF /* User+CoreDataClass.swift in Sources */,
				C59562C12449270A003F3973 /* MessageCell.swift in Sources */,
				C58E2D522443B7CD00A8D4CF /* TinkoffMessenger.xcdatamodeld in Sources */,
				C58E2D472443B68900A8D4CF /* ConfigurableViewProtocol.swift in Sources */,
				C59562C424492711003F3973 /* ConversationCell.swift in Sources */,
				C58E2D4C2443B69500A8D4CF /* RandomHelper.swift in Sources */,
				C5ACA479244B04C900C143FE /* LoadPhotosViewController.swift in Sources */,
				C59562C92449271F003F3973 /* ConversationModel.swift in Sources */,
				C58E2D3E2443B67200A8D4CF /* Channel.swift in Sources */,
				C59562BE244926FF003F3973 /* CreateChannelViewController.swift in Sources */,
				C58E2D432443B68100A8D4CF /* CoreDataManagerProtocol.swift in Sources */,
				C58E2D392443B66400A8D4CF /* ProfileModel.swift in Sources */,
				C5DAF7CA244B76EB00BFC7A4 /* UrlListResponse.swift in Sources */,
				C58E2D3D2443B67000A8D4CF /* Message.swift in Sources */,
				C56C33C3244C47540055BB9F /* LoadUrlListProtocol.swift in Sources */,
				C58E2D4F2443B69C00A8D4CF /* AppDelegate.swift in Sources */,
				C5ACA47B244B062300C143FE /* UIImageView+Load.swift in Sources */,
				C58E2D382443B66200A8D4CF /* ProfileViewController.swift in Sources */,
				C58E2D3F2443B67600A8D4CF /* FirebaseProtocol.swift in Sources */,
				C58E2D442443B68300A8D4CF /* CoreDataManager.swift in Sources */,
				C58E2D482443B68D00A8D4CF /* ImagePickerManager.swift in Sources */,
				C59562C32449270F003F3973 /* MessageCellModel.swift in Sources */,
				C56C33C1244C461C0055BB9F /* LoadUrlListManager.swift in Sources */,
				C58E2D4A2443B69100A8D4CF /* Date+isToday.swift in Sources */,
				C58E2D4B2443B69300A8D4CF /* UIView+bindEdgesToSuperview.swift in Sources */,
			);
			runOnlyForDeploymentPostprocessing = 0;
		};
		C58D768A23F9C004000E739E /* Sources */ = {
			isa = PBXSourcesBuildPhase;
			buildActionMask = 2147483647;
			files = (
				C58D769323F9C004000E739E /* TinkoffMessengerTests.swift in Sources */,
			);
			runOnlyForDeploymentPostprocessing = 0;
		};
		C58D769E23F9C178000E739E /* Sources */ = {
			isa = PBXSourcesBuildPhase;
			buildActionMask = 2147483647;
			files = (
				C5C61F9F240B1FC900ABBE7D /* UIfont+with.swift in Sources */,
				C58D76A023F9C178000E739E /* AppDelegate.swift in Sources */,
				C58196A92435178900EEA1F1 /* CoreDataManagerProtocol.swift in Sources */,
				C5C61F7C240AD00500ABBE7D /* ConversationsListViewController.swift in Sources */,
				C58196A32434BE9200EEA1F1 /* CoreDataManager.swift in Sources */,
				C51F7B31240B407F00A4D8A5 /* UIView+bindEdgesToSuperview.swift in Sources */,
				C5C61F89240AD00C00ABBE7D /* ConversationViewController.swift in Sources */,
				C5C61F97240B0CB800ABBE7D /* ConversationCell.swift in Sources */,
				C5C61FA2240B22D800ABBE7D /* Date+isToday.swift in Sources */,
				C5C61F90240AD01500ABBE7D /* ProfileViewController.swift in Sources */,
				C543E5DF2401EC90000652B4 /* ImagePickerManager.swift in Sources */,
				C51F7B4B240B5C0000A4D8A5 /* ConfigurableViewProtocol.swift in Sources */,
				C5D6E2B9240B63D400543026 /* RandomHelper.swift in Sources */,
				C5D6E2BD240C294A00543026 /* UITableView+scroll.swift in Sources */,
			);
			runOnlyForDeploymentPostprocessing = 0;
		};
/* End PBXSourcesBuildPhase section */

/* Begin PBXTargetDependency section */
		C58D769023F9C004000E739E /* PBXTargetDependency */ = {
			isa = PBXTargetDependency;
			target = C58D767423F9C002000E739E /* TinkoffMessenger */;
			targetProxy = C58D768F23F9C004000E739E /* PBXContainerItemProxy */;
		};
/* End PBXTargetDependency section */

/* Begin XCBuildConfiguration section */
		C58D769523F9C004000E739E /* Debug */ = {
			isa = XCBuildConfiguration;
			buildSettings = {
				ALWAYS_SEARCH_USER_PATHS = NO;
				CLANG_ANALYZER_NONNULL = YES;
				CLANG_ANALYZER_NUMBER_OBJECT_CONVERSION = YES_AGGRESSIVE;
				CLANG_CXX_LANGUAGE_STANDARD = "gnu++14";
				CLANG_CXX_LIBRARY = "libc++";
				CLANG_ENABLE_MODULES = YES;
				CLANG_ENABLE_OBJC_ARC = YES;
				CLANG_ENABLE_OBJC_WEAK = YES;
				CLANG_WARN_BLOCK_CAPTURE_AUTORELEASING = YES;
				CLANG_WARN_BOOL_CONVERSION = YES;
				CLANG_WARN_COMMA = YES;
				CLANG_WARN_CONSTANT_CONVERSION = YES;
				CLANG_WARN_DEPRECATED_OBJC_IMPLEMENTATIONS = YES;
				CLANG_WARN_DIRECT_OBJC_ISA_USAGE = YES_ERROR;
				CLANG_WARN_DOCUMENTATION_COMMENTS = YES;
				CLANG_WARN_EMPTY_BODY = YES;
				CLANG_WARN_ENUM_CONVERSION = YES;
				CLANG_WARN_INFINITE_RECURSION = YES;
				CLANG_WARN_INT_CONVERSION = YES;
				CLANG_WARN_NON_LITERAL_NULL_CONVERSION = YES;
				CLANG_WARN_OBJC_IMPLICIT_RETAIN_SELF = YES;
				CLANG_WARN_OBJC_LITERAL_CONVERSION = YES;
				CLANG_WARN_OBJC_ROOT_CLASS = YES_ERROR;
				CLANG_WARN_RANGE_LOOP_ANALYSIS = YES;
				CLANG_WARN_STRICT_PROTOTYPES = YES;
				CLANG_WARN_SUSPICIOUS_MOVE = YES;
				CLANG_WARN_UNGUARDED_AVAILABILITY = YES_AGGRESSIVE;
				CLANG_WARN_UNREACHABLE_CODE = YES;
				CLANG_WARN__DUPLICATE_METHOD_MATCH = YES;
				COPY_PHASE_STRIP = NO;
				DEBUG_INFORMATION_FORMAT = dwarf;
				ENABLE_STRICT_OBJC_MSGSEND = YES;
				ENABLE_TESTABILITY = YES;
				GCC_C_LANGUAGE_STANDARD = gnu11;
				GCC_DYNAMIC_NO_PIC = NO;
				GCC_NO_COMMON_BLOCKS = YES;
				GCC_OPTIMIZATION_LEVEL = 0;
				GCC_PREPROCESSOR_DEFINITIONS = (
					"DEBUG=1",
					"$(inherited)",
				);
				GCC_WARN_64_TO_32_BIT_CONVERSION = YES;
				GCC_WARN_ABOUT_RETURN_TYPE = YES_ERROR;
				GCC_WARN_UNDECLARED_SELECTOR = YES;
				GCC_WARN_UNINITIALIZED_AUTOS = YES_AGGRESSIVE;
				GCC_WARN_UNUSED_FUNCTION = YES;
				GCC_WARN_UNUSED_VARIABLE = YES;
				IPHONEOS_DEPLOYMENT_TARGET = 11.0;
				MTL_ENABLE_DEBUG_INFO = INCLUDE_SOURCE;
				MTL_FAST_MATH = YES;
				ONLY_ACTIVE_ARCH = YES;
				SDKROOT = iphoneos;
				SWIFT_ACTIVE_COMPILATION_CONDITIONS = DEBUG;
				SWIFT_OPTIMIZATION_LEVEL = "-Onone";
			};
			name = Debug;
		};
		C58D769623F9C004000E739E /* Release */ = {
			isa = XCBuildConfiguration;
			buildSettings = {
				ALWAYS_SEARCH_USER_PATHS = NO;
				CLANG_ANALYZER_NONNULL = YES;
				CLANG_ANALYZER_NUMBER_OBJECT_CONVERSION = YES_AGGRESSIVE;
				CLANG_CXX_LANGUAGE_STANDARD = "gnu++14";
				CLANG_CXX_LIBRARY = "libc++";
				CLANG_ENABLE_MODULES = YES;
				CLANG_ENABLE_OBJC_ARC = YES;
				CLANG_ENABLE_OBJC_WEAK = YES;
				CLANG_WARN_BLOCK_CAPTURE_AUTORELEASING = YES;
				CLANG_WARN_BOOL_CONVERSION = YES;
				CLANG_WARN_COMMA = YES;
				CLANG_WARN_CONSTANT_CONVERSION = YES;
				CLANG_WARN_DEPRECATED_OBJC_IMPLEMENTATIONS = YES;
				CLANG_WARN_DIRECT_OBJC_ISA_USAGE = YES_ERROR;
				CLANG_WARN_DOCUMENTATION_COMMENTS = YES;
				CLANG_WARN_EMPTY_BODY = YES;
				CLANG_WARN_ENUM_CONVERSION = YES;
				CLANG_WARN_INFINITE_RECURSION = YES;
				CLANG_WARN_INT_CONVERSION = YES;
				CLANG_WARN_NON_LITERAL_NULL_CONVERSION = YES;
				CLANG_WARN_OBJC_IMPLICIT_RETAIN_SELF = YES;
				CLANG_WARN_OBJC_LITERAL_CONVERSION = YES;
				CLANG_WARN_OBJC_ROOT_CLASS = YES_ERROR;
				CLANG_WARN_RANGE_LOOP_ANALYSIS = YES;
				CLANG_WARN_STRICT_PROTOTYPES = YES;
				CLANG_WARN_SUSPICIOUS_MOVE = YES;
				CLANG_WARN_UNGUARDED_AVAILABILITY = YES_AGGRESSIVE;
				CLANG_WARN_UNREACHABLE_CODE = YES;
				CLANG_WARN__DUPLICATE_METHOD_MATCH = YES;
				COPY_PHASE_STRIP = NO;
				DEBUG_INFORMATION_FORMAT = "dwarf-with-dsym";
				ENABLE_NS_ASSERTIONS = NO;
				ENABLE_STRICT_OBJC_MSGSEND = YES;
				GCC_C_LANGUAGE_STANDARD = gnu11;
				GCC_NO_COMMON_BLOCKS = YES;
				GCC_WARN_64_TO_32_BIT_CONVERSION = YES;
				GCC_WARN_ABOUT_RETURN_TYPE = YES_ERROR;
				GCC_WARN_UNDECLARED_SELECTOR = YES;
				GCC_WARN_UNINITIALIZED_AUTOS = YES_AGGRESSIVE;
				GCC_WARN_UNUSED_FUNCTION = YES;
				GCC_WARN_UNUSED_VARIABLE = YES;
				IPHONEOS_DEPLOYMENT_TARGET = 11.0;
				MTL_ENABLE_DEBUG_INFO = NO;
				MTL_FAST_MATH = YES;
				SDKROOT = iphoneos;
				SWIFT_COMPILATION_MODE = wholemodule;
				SWIFT_OPTIMIZATION_LEVEL = "-O";
				VALIDATE_PRODUCT = YES;
			};
			name = Release;
		};
		C58D769823F9C004000E739E /* Debug */ = {
			isa = XCBuildConfiguration;
			baseConfigurationReference = ECB8DE563DC6C31F4C830E1D /* Pods-TinkoffMessenger.debug.xcconfig */;
			buildSettings = {
				ASSETCATALOG_COMPILER_APPICON_NAME = AppIcon;
				CODE_SIGN_IDENTITY = "Apple Development";
				CODE_SIGN_STYLE = Automatic;
				DEVELOPMENT_TEAM = 52TSGWFG39;
				INFOPLIST_FILE = TinkoffMessenger/Info.plist;
				IPHONEOS_DEPLOYMENT_TARGET = 11.0;
				LD_RUNPATH_SEARCH_PATHS = (
					"$(inherited)",
					"@executable_path/Frameworks",
				);
				PRODUCT_BUNDLE_IDENTIFIER = ru.tinkoff.messenger;
				PRODUCT_NAME = "$(TARGET_NAME)";
				PROVISIONING_PROFILE_SPECIFIER = "";
				SWIFT_VERSION = 5.0;
				TARGETED_DEVICE_FAMILY = 1;
			};
			name = Debug;
		};
		C58D769923F9C004000E739E /* Release */ = {
			isa = XCBuildConfiguration;
			baseConfigurationReference = 4ADC0A93E82DE141ED5FC891 /* Pods-TinkoffMessenger.release.xcconfig */;
			buildSettings = {
				ASSETCATALOG_COMPILER_APPICON_NAME = AppIcon;
				CODE_SIGN_IDENTITY = "Apple Development";
				CODE_SIGN_STYLE = Automatic;
				DEVELOPMENT_TEAM = 52TSGWFG39;
				INFOPLIST_FILE = TinkoffMessenger/Info.plist;
				IPHONEOS_DEPLOYMENT_TARGET = 11.0;
				LD_RUNPATH_SEARCH_PATHS = (
					"$(inherited)",
					"@executable_path/Frameworks",
				);
				PRODUCT_BUNDLE_IDENTIFIER = ru.tcsbank.TinkoffChat;
				PRODUCT_NAME = "$(TARGET_NAME)";
				PROVISIONING_PROFILE_SPECIFIER = "";
				SWIFT_VERSION = 5.0;
				TARGETED_DEVICE_FAMILY = 1;
			};
			name = Release;
		};
		C58D769B23F9C004000E739E /* Debug */ = {
			isa = XCBuildConfiguration;
			baseConfigurationReference = 1C754B9669D75ABE17804488 /* Pods-TinkoffMessengerTests.debug.xcconfig */;
			buildSettings = {
				ALWAYS_EMBED_SWIFT_STANDARD_LIBRARIES = YES;
				BUNDLE_LOADER = "$(TEST_HOST)";
				CODE_SIGN_STYLE = Automatic;
				DEVELOPMENT_TEAM = 52TSGWFG39;
				INFOPLIST_FILE = TinkoffMessengerTests/Info.plist;
				IPHONEOS_DEPLOYMENT_TARGET = 13.2;
				LD_RUNPATH_SEARCH_PATHS = (
					"$(inherited)",
					"@executable_path/Frameworks",
					"@loader_path/Frameworks",
				);
				PRODUCT_BUNDLE_IDENTIFIER = ru.ifmo.rain.komarov.TinkoffMessengerTests;
				PRODUCT_NAME = "$(TARGET_NAME)";
				SWIFT_VERSION = 5.0;
				TARGETED_DEVICE_FAMILY = "1,2";
				TEST_HOST = "$(BUILT_PRODUCTS_DIR)/TinkoffMessenger.app/TinkoffMessenger";
			};
			name = Debug;
		};
		C58D769C23F9C004000E739E /* Release */ = {
			isa = XCBuildConfiguration;
			baseConfigurationReference = 192DE6B50B18F5B0886C0509 /* Pods-TinkoffMessengerTests.release.xcconfig */;
			buildSettings = {
				ALWAYS_EMBED_SWIFT_STANDARD_LIBRARIES = YES;
				BUNDLE_LOADER = "$(TEST_HOST)";
				CODE_SIGN_STYLE = Automatic;
				DEVELOPMENT_TEAM = 52TSGWFG39;
				INFOPLIST_FILE = TinkoffMessengerTests/Info.plist;
				IPHONEOS_DEPLOYMENT_TARGET = 13.2;
				LD_RUNPATH_SEARCH_PATHS = (
					"$(inherited)",
					"@executable_path/Frameworks",
					"@loader_path/Frameworks",
				);
				PRODUCT_BUNDLE_IDENTIFIER = ru.ifmo.rain.komarov.TinkoffMessengerTests;
				PRODUCT_NAME = "$(TARGET_NAME)";
				SWIFT_VERSION = 5.0;
				TARGETED_DEVICE_FAMILY = "1,2";
				TEST_HOST = "$(BUILT_PRODUCTS_DIR)/TinkoffMessenger.app/TinkoffMessenger";
			};
			name = Release;
		};
		C58D76A923F9C178000E739E /* Debug */ = {
			isa = XCBuildConfiguration;
			baseConfigurationReference = BC4AB969D4E0C7BA3EAC9D7D /* Pods-TinkoffMessengerDebug.debug.xcconfig */;
			buildSettings = {
				ASSETCATALOG_COMPILER_APPICON_NAME = AppIcon;
				CODE_SIGN_STYLE = Automatic;
				DEVELOPMENT_TEAM = 52TSGWFG39;
				INFOPLIST_FILE = TinkoffMessengerDebug.plist;
				IPHONEOS_DEPLOYMENT_TARGET = 11.0;
				LD_RUNPATH_SEARCH_PATHS = (
					"$(inherited)",
					"@executable_path/Frameworks",
				);
				OTHER_SWIFT_FLAGS = "-D Logs";
				PRODUCT_BUNDLE_IDENTIFIER = ru.ifmo.rain.komarov.TinkoffMessenger;
				PRODUCT_NAME = "$(TARGET_NAME)";
				SWIFT_VERSION = 5.0;
				TARGETED_DEVICE_FAMILY = 1;
			};
			name = Debug;
		};
		C58D76AA23F9C178000E739E /* Release */ = {
			isa = XCBuildConfiguration;
			baseConfigurationReference = 93434CB752AD23463D0DF6D0 /* Pods-TinkoffMessengerDebug.release.xcconfig */;
			buildSettings = {
				ASSETCATALOG_COMPILER_APPICON_NAME = AppIcon;
				CODE_SIGN_STYLE = Automatic;
				DEVELOPMENT_TEAM = 52TSGWFG39;
				INFOPLIST_FILE = TinkoffMessengerDebug.plist;
				IPHONEOS_DEPLOYMENT_TARGET = 11.0;
				LD_RUNPATH_SEARCH_PATHS = (
					"$(inherited)",
					"@executable_path/Frameworks",
				);
				OTHER_SWIFT_FLAGS = "-D Logs";
				PRODUCT_BUNDLE_IDENTIFIER = ru.ifmo.rain.komarov.TinkoffMessenger;
				PRODUCT_NAME = "$(TARGET_NAME)";
				SWIFT_VERSION = 5.0;
				TARGETED_DEVICE_FAMILY = 1;
			};
			name = Release;
		};
/* End XCBuildConfiguration section */

/* Begin XCConfigurationList section */
		C58D767023F9C002000E739E /* Build configuration list for PBXProject "TinkoffMessenger" */ = {
			isa = XCConfigurationList;
			buildConfigurations = (
				C58D769523F9C004000E739E /* Debug */,
				C58D769623F9C004000E739E /* Release */,
			);
			defaultConfigurationIsVisible = 0;
			defaultConfigurationName = Release;
		};
		C58D769723F9C004000E739E /* Build configuration list for PBXNativeTarget "TinkoffMessenger" */ = {
			isa = XCConfigurationList;
			buildConfigurations = (
				C58D769823F9C004000E739E /* Debug */,
				C58D769923F9C004000E739E /* Release */,
			);
			defaultConfigurationIsVisible = 0;
			defaultConfigurationName = Release;
		};
		C58D769A23F9C004000E739E /* Build configuration list for PBXNativeTarget "TinkoffMessengerTests" */ = {
			isa = XCConfigurationList;
			buildConfigurations = (
				C58D769B23F9C004000E739E /* Debug */,
				C58D769C23F9C004000E739E /* Release */,
			);
			defaultConfigurationIsVisible = 0;
			defaultConfigurationName = Release;
		};
		C58D76A823F9C178000E739E /* Build configuration list for PBXNativeTarget "TinkoffMessengerDebug" */ = {
			isa = XCConfigurationList;
			buildConfigurations = (
				C58D76A923F9C178000E739E /* Debug */,
				C58D76AA23F9C178000E739E /* Release */,
			);
			defaultConfigurationIsVisible = 0;
			defaultConfigurationName = Release;
		};
/* End XCConfigurationList section */

/* Begin XCVersionGroup section */
		C551D85C243A6C0100C55D3E /* TinkoffMessenger.xcdatamodeld */ = {
			isa = XCVersionGroup;
			children = (
				C551D85D243A6C0100C55D3E /* TinkoffMessenger.xcdatamodel */,
			);
			currentVersion = C551D85D243A6C0100C55D3E /* TinkoffMessenger.xcdatamodel */;
			path = TinkoffMessenger.xcdatamodeld;
			sourceTree = "<group>";
			versionGroupType = wrapper.xcdatamodel;
		};
/* End XCVersionGroup section */
	};
	rootObject = C58D766D23F9C002000E739E /* Project object */;
}
